{
  "version": 4,
  "terraform_version": "1.12.2",
  "serial": 5,
  "lineage": "0a791e4f-7882-7fc7-96ff-00cf4fbc3823",
  "outputs": {
    "app_insights_key": {
      "value": "3069fa03-4a04-4bf9-b29b-6fc209c6750b",
      "type": "string",
      "sensitive": true
    },
    "app_service_url": {
      "value": "webdemo-app.azurewebsites.net",
      "type": "string"
    }
  },
  "resources": [
    {
      "mode": "managed",
      "type": "azurerm_application_insights",
      "name": "appinsights",
      "provider": "provider[\"registry.terraform.io/hashicorp/azurerm\"]",
      "instances": [
        {
          "schema_version": 2,
          "attributes": {
            "app_id": "34bf5e2e-159d-4a9f-b6e4-f4bf5cf852f0",
            "application_type": "web",
            "connection_string": "InstrumentationKey=3069fa03-4a04-4bf9-b29b-6fc209c6750b;IngestionEndpoint=https://canadacentral-1.in.applicationinsights.azure.com/;LiveEndpoint=https://canadacentral.livediagnostics.monitor.azure.com/;ApplicationId=34bf5e2e-159d-4a9f-b6e4-f4bf5cf852f0",
            "daily_data_cap_in_gb": 100,
            "daily_data_cap_notifications_disabled": false,
            "disable_ip_masking": false,
            "force_customer_storage_for_profiler": false,
            "id": "/subscriptions/d29039d0-7d5b-41f4-8b54-ffaec05e551f/resourceGroups/webdemo-rg/providers/Microsoft.Insights/components/webdemo-ai",
            "instrumentation_key": "3069fa03-4a04-4bf9-b29b-6fc209c6750b",
            "internet_ingestion_enabled": true,
            "internet_query_enabled": true,
            "local_authentication_disabled": false,
            "location": "canadacentral",
            "name": "webdemo-ai",
            "resource_group_name": "webdemo-rg",
            "retention_in_days": 90,
            "sampling_percentage": 100,
            "tags": null,
            "timeouts": null,
            "workspace_id": "/subscriptions/d29039d0-7d5b-41f4-8b54-ffaec05e551f/resourceGroups/ai_webdemo-ai_34bf5e2e-159d-4a9f-b6e4-f4bf5cf852f0_managed/providers/Microsoft.OperationalInsights/workspaces/managed-webdemo-ai-ws"
          },
          "sensitive_attributes": [
            [
              {
                "type": "get_attr",
                "value": "connection_string"
              }
            ],
            [
              {
                "type": "get_attr",
                "value": "instrumentation_key"
              }
            ]
          ],
          "identity_schema_version": 0,
          "private": "eyJlMmJmYjczMC1lY2FhLTExZTYtOGY4OC0zNDM2M2JjN2M0YzAiOnsiY3JlYXRlIjozNjAwMDAwMDAwMDAwLCJkZWxldGUiOjE4MDAwMDAwMDAwMDAsInJlYWQiOjMwMDAwMDAwMDAwMCwidXBkYXRlIjoxODAwMDAwMDAwMDAwfSwic2NoZW1hX3ZlcnNpb24iOiIyIn0=",
          "dependencies": [
            "azurerm_resource_group.rg"
          ]
        }
      ]
    },
    {
      "mode": "managed",
      "type": "azurerm_linux_web_app",
      "name": "web",
      "provider": "provider[\"registry.terraform.io/hashicorp/azurerm\"]",
      "instances": [
        {
          "schema_version": 1,
          "attributes": {
            "app_settings": {
              "APPINSIGHTS_INSTRUMENTATIONKEY": "3069fa03-4a04-4bf9-b29b-6fc209c6750b",
              "APPLICATIONINSIGHTS_CONNECTION_STRING": "InstrumentationKey=3069fa03-4a04-4bf9-b29b-6fc209c6750b;IngestionEndpoint=https://canadacentral-1.in.applicationinsights.azure.com/;LiveEndpoint=https://canadacentral.livediagnostics.monitor.azure.com/;ApplicationId=34bf5e2e-159d-4a9f-b6e4-f4bf5cf852f0"
            },
            "auth_settings": [],
            "auth_settings_v2": [],
            "backup": [],
            "client_affinity_enabled": false,
            "client_certificate_enabled": false,
            "client_certificate_exclusion_paths": "",
            "client_certificate_mode": "Required",
            "connection_string": [],
            "custom_domain_verification_id": "88916CC80A72070DB5EA2EE7871245F0BFE31043866A13EA20555307B2B21B4B",
            "default_hostname": "webdemo-app.azurewebsites.net",
            "enabled": true,
            "ftp_publish_basic_authentication_enabled": true,
            "hosting_environment_id": "",
            "https_only": false,
            "id": "/subscriptions/d29039d0-7d5b-41f4-8b54-ffaec05e551f/resourceGroups/webdemo-rg/providers/Microsoft.Web/sites/webdemo-app",
            "identity": [],
            "key_vault_reference_identity_id": "SystemAssigned",
            "kind": "app,linux",
            "location": "canadacentral",
            "logs": [],
            "name": "webdemo-app",
            "outbound_ip_address_list": [
              "130.107.228.60",
              "130.107.227.213",
              "130.107.228.65",
              "130.107.228.77",
              "130.107.228.78",
              "130.107.228.80",
              "130.107.224.239",
              "130.107.227.14",
              "130.107.227.113",
              "130.107.227.140",
              "130.107.227.184",
              "130.107.227.207",
              "20.48.204.11"
            ],
            "outbound_ip_addresses": "130.107.228.60,130.107.227.213,130.107.228.65,130.107.228.77,130.107.228.78,130.107.228.80,130.107.224.239,130.107.227.14,130.107.227.113,130.107.227.140,130.107.227.184,130.107.227.207,20.48.204.11",
            "possible_outbound_ip_address_list": [
              "130.107.228.60",
              "130.107.227.213",
              "130.107.228.65",
              "130.107.228.77",
              "130.107.228.78",
              "130.107.228.80",
              "130.107.224.239",
              "130.107.227.14",
              "130.107.227.113",
              "130.107.227.140",
              "130.107.227.184",
              "130.107.227.207",
              "130.107.224.128",
              "130.107.227.224",
              "130.107.227.228",
              "130.107.227.238",
              "130.107.227.245",
              "130.107.227.255",
              "130.107.228.1",
              "130.107.228.5",
              "130.107.228.7",
              "130.107.228.19",
              "130.107.228.28",
              "130.107.228.45",
              "130.107.228.86",
              "130.107.228.88",
              "130.107.228.97",
              "130.107.228.101",
              "130.107.224.81",
              "130.107.228.104",
              "20.48.204.11"
            ],
            "possible_outbound_ip_addresses": "130.107.228.60,130.107.227.213,130.107.228.65,130.107.228.77,130.107.228.78,130.107.228.80,130.107.224.239,130.107.227.14,130.107.227.113,130.107.227.140,130.107.227.184,130.107.227.207,130.107.224.128,130.107.227.224,130.107.227.228,130.107.227.238,130.107.227.245,130.107.227.255,130.107.228.1,130.107.228.5,130.107.228.7,130.107.228.19,130.107.228.28,130.107.228.45,130.107.228.86,130.107.228.88,130.107.228.97,130.107.228.101,130.107.224.81,130.107.228.104,20.48.204.11",
            "public_network_access_enabled": true,
            "resource_group_name": "webdemo-rg",
            "service_plan_id": "/subscriptions/d29039d0-7d5b-41f4-8b54-ffaec05e551f/resourceGroups/webdemo-rg/providers/Microsoft.Web/serverFarms/webdemo-plan",
            "site_config": [
              {
                "always_on": true,
                "api_definition_url": "",
                "api_management_api_id": "",
                "app_command_line": "",
                "application_stack": [
                  {
                    "docker_image": "",
                    "docker_image_name": "",
                    "docker_image_tag": "",
                    "docker_registry_password": "",
                    "docker_registry_url": "",
                    "docker_registry_username": "",
                    "dotnet_version": "8.0",
                    "go_version": "",
                    "java_server": "",
                    "java_server_version": "",
                    "java_version": "",
                    "node_version": "",
                    "php_version": "",
                    "python_version": "",
                    "ruby_version": ""
                  }
                ],
                "auto_heal_enabled": false,
                "auto_heal_setting": [],
                "container_registry_managed_identity_client_id": "",
                "container_registry_use_managed_identity": false,
                "cors": [],
                "default_documents": [
                  "Default.htm",
                  "Default.html",
                  "Default.asp",
                  "index.htm",
                  "index.html",
                  "iisstart.htm",
                  "default.aspx",
                  "index.php",
                  "hostingstart.html"
                ],
                "detailed_error_logging_enabled": false,
                "ftps_state": "Disabled",
                "health_check_eviction_time_in_min": 0,
                "health_check_path": "",
                "http2_enabled": false,
                "ip_restriction": [],
                "ip_restriction_default_action": "Allow",
                "linux_fx_version": "DOTNETCORE|8.0",
                "load_balancing_mode": "LeastRequests",
                "local_mysql_enabled": false,
                "managed_pipeline_mode": "Integrated",
                "minimum_tls_version": "1.2",
                "remote_debugging_enabled": false,
                "remote_debugging_version": "VS2022",
                "scm_ip_restriction": [],
                "scm_ip_restriction_default_action": "Allow",
                "scm_minimum_tls_version": "1.2",
                "scm_type": "None",
                "scm_use_main_ip_restriction": false,
                "use_32_bit_worker": true,
                "vnet_route_all_enabled": false,
                "websockets_enabled": false,
                "worker_count": 1
              }
            ],
            "site_credential": [
              {
                "name": "$webdemo-app",
                "password": "5fFz0DGaimzYciBcYHwR3J3GBiA4oJMJwyql8PZ17by5agzmi7i4MGfHnkTZ"
              }
            ],
            "sticky_settings": [],
            "storage_account": [],
            "tags": null,
            "timeouts": null,
            "virtual_network_subnet_id": "",
            "webdeploy_publish_basic_authentication_enabled": true,
            "zip_deploy_file": ""
          },
          "sensitive_attributes": [
            [
              {
                "type": "get_attr",
                "value": "app_settings"
              },
              {
                "type": "index",
                "value": {
                  "value": "APPINSIGHTS_INSTRUMENTATIONKEY",
                  "type": "string"
                }
              }
            ],
            [
              {
                "type": "get_attr",
                "value": "app_settings"
              },
              {
                "type": "index",
                "value": {
                  "value": "APPLICATIONINSIGHTS_CONNECTION_STRING",
                  "type": "string"
                }
              }
            ],
            [
              {
                "type": "get_attr",
                "value": "custom_domain_verification_id"
              }
            ],
            [
              {
                "type": "get_attr",
                "value": "site_config"
              },
              {
                "type": "index",
                "value": {
                  "value": 0,
                  "type": "number"
                }
              },
              {
                "type": "get_attr",
                "value": "application_stack"
              },
              {
                "type": "index",
                "value": {
                  "value": 0,
                  "type": "number"
                }
              },
              {
                "type": "get_attr",
                "value": "docker_registry_password"
              }
            ],
            [
              {
                "type": "get_attr",
                "value": "site_credential"
              }
            ]
          ],
          "identity_schema_version": 0,
          "private": "eyJlMmJmYjczMC1lY2FhLTExZTYtOGY4OC0zNDM2M2JjN2M0YzAiOnsiY3JlYXRlIjoxODAwMDAwMDAwMDAwLCJkZWxldGUiOjE4MDAwMDAwMDAwMDAsInJlYWQiOjMwMDAwMDAwMDAwMCwidXBkYXRlIjoxODAwMDAwMDAwMDAwfSwic2NoZW1hX3ZlcnNpb24iOiIxIn0=",
          "dependencies": [
            "azurerm_application_insights.appinsights",
            "azurerm_resource_group.rg",
            "azurerm_service_plan.asp"
          ]
        }
      ]
    },
    {
      "mode": "managed",
      "type": "azurerm_resource_group",
      "name": "rg",
      "provider": "provider[\"registry.terraform.io/hashicorp/azurerm\"]",
      "instances": [
        {
          "schema_version": 0,
          "attributes": {
            "id": "/subscriptions/d29039d0-7d5b-41f4-8b54-ffaec05e551f/resourceGroups/webdemo-rg",
            "location": "canadacentral",
            "managed_by": "",
            "name": "webdemo-rg",
            "tags": null,
            "timeouts": null
          },
          "sensitive_attributes": [],
          "identity_schema_version": 0,
          "private": "eyJlMmJmYjczMC1lY2FhLTExZTYtOGY4OC0zNDM2M2JjN2M0YzAiOnsiY3JlYXRlIjo1NDAwMDAwMDAwMDAwLCJkZWxldGUiOjU0MDAwMDAwMDAwMDAsInJlYWQiOjMwMDAwMDAwMDAwMCwidXBkYXRlIjo1NDAwMDAwMDAwMDAwfX0="
        }
      ]
    },
    {
      "mode": "managed",
      "type": "azurerm_service_plan",
      "name": "asp",
      "provider": "provider[\"registry.terraform.io/hashicorp/azurerm\"]",
      "instances": [
        {
          "schema_version": 1,
          "attributes": {
            "app_service_environment_id": "",
            "id": "/subscriptions/d29039d0-7d5b-41f4-8b54-ffaec05e551f/resourceGroups/webdemo-rg/providers/Microsoft.Web/serverFarms/webdemo-plan",
            "kind": "linux",
            "location": "canadacentral",
            "maximum_elastic_worker_count": 1,
            "name": "webdemo-plan",
            "os_type": "Linux",
            "per_site_scaling_enabled": false,
            "reserved": true,
            "resource_group_name": "webdemo-rg",
            "sku_name": "B1",
            "tags": null,
            "timeouts": null,
            "worker_count": 1,
            "zone_balancing_enabled": false
          },
          "sensitive_attributes": [],
          "identity_schema_version": 0,
          "private": "eyJlMmJmYjczMC1lY2FhLTExZTYtOGY4OC0zNDM2M2JjN2M0YzAiOnsiY3JlYXRlIjozNjAwMDAwMDAwMDAwLCJkZWxldGUiOjM2MDAwMDAwMDAwMDAsInJlYWQiOjMwMDAwMDAwMDAwMCwidXBkYXRlIjozNjAwMDAwMDAwMDAwfSwic2NoZW1hX3ZlcnNpb24iOiIxIn0=",
          "dependencies": [
            "azurerm_resource_group.rg"
          ]
        }
      ]
    }
  ],
  "check_results": null
}
